
Microsoft Visual Studio Solution File, Format Version 12.00
# Visual Studio Version 17
VisualStudioVersion = 17.5.002.0
MinimumVisualStudioVersion = 10.0.40219.1
Project("{9A19103F-16F7-4668-BE54-9A1E7A4F7556}") = "MinimalApiProduto", "MinimalApiProduto.csproj", "{71FC19EA-6245-430A-8D9D-F4B09E1C2DA1}"
EndProject
Global
	GlobalSection(SolutionConfigurationPlatforms) = preSolution
		Debug|Any CPU = Debug|Any CPU
		Release|Any CPU = Release|Any CPU
	EndGlobalSection
	GlobalSection(ProjectConfigurationPlatforms) = postSolution
		{71FC19EA-6245-430A-8D9D-F4B09E1C2DA1}.Debug|Any CPU.ActiveCfg = Debug|Any CPU
		{71FC19EA-6245-430A-8D9D-F4B09E1C2DA1}.Debug|Any CPU.Build.0 = Debug|Any CPU
		{71FC19EA-6245-430A-8D9D-F4B09E1C2DA1}.Release|Any CPU.ActiveCfg = Release|Any CPU
		{71FC19EA-6245-430A-8D9D-F4B09E1C2DA1}.Release|Any CPU.Build.0 = Release|Any CPU
	EndGlobalSection
	GlobalSection(SolutionProperties) = preSolution
		HideSolutionNode = FALSE
	EndGlobalSection
	GlobalSection(ExtensibilityGlobals) = postSolution
		SolutionGuid = {FAFCCE36-F8AF-48B5-A7A6-EF0B8C8C9188}
	EndGlobalSection
EndGlobal
